
Microsoft Visual Studio Solution File, Format Version 12.00
# Visual Studio Version 16
VisualStudioVersion = 16.0.32901.82
MinimumVisualStudioVersion = 10.0.40219.1
Project("{FAE04EC0-301F-11D3-BF4B-00C04F79EFBC}") = "Arrays_Sawyer_Moira", "Arrays_Sawyer_Moira.csproj", "{CA3DFF59-9B14-4E70-9105-3DEDF46336A4}"
EndProject
Global
	GlobalSection(SolutionConfigurationPlatforms) = preSolution
		Debug|Any CPU = Debug|Any CPU
		Release|Any CPU = Release|Any CPU
	EndGlobalSection
	GlobalSection(ProjectConfigurationPlatforms) = postSolution
		{CA3DFF59-9B14-4E70-9105-3DEDF46336A4}.Debug|Any CPU.ActiveCfg = Debug|Any CPU
		{CA3DFF59-9B14-4E70-9105-3DEDF46336A4}.Debug|Any CPU.Build.0 = Debug|Any CPU
		{CA3DFF59-9B14-4E70-9105-3DEDF46336A4}.Release|Any CPU.ActiveCfg = Release|Any CPU
		{CA3DFF59-9B14-4E70-9105-3DEDF46336A4}.Release|Any CPU.Build.0 = Release|Any CPU
	EndGlobalSection
	GlobalSection(SolutionProperties) = preSolution
		HideSolutionNode = FALSE
	EndGlobalSection
	GlobalSection(ExtensibilityGlobals) = postSolution
		SolutionGuid = {6B7C1888-5DDE-41BB-8F32-86BC3468A5D1}
	EndGlobalSection
EndGlobal
